
Microsoft Visual Studio Solution File, Format Version 12.00
# Visual Studio Version 17
VisualStudioVersion = 17.9.34622.214
MinimumVisualStudioVersion = 10.0.40219.1
Project("{FAE04EC0-301F-11D3-BF4B-00C04F79EFBC}") = "legiabao_onthi_QLBH", "legiabao_onthi_QLBH\legiabao_onthi_QLBH.csproj", "{86111C88-48B1-48BA-8A25-B8811C05711B}"
EndProject
Global
	GlobalSection(SolutionConfigurationPlatforms) = preSolution
		Debug|Any CPU = Debug|Any CPU
		Release|Any CPU = Release|Any CPU
	EndGlobalSection
	GlobalSection(ProjectConfigurationPlatforms) = postSolution
		{86111C88-48B1-48BA-8A25-B8811C05711B}.Debug|Any CPU.ActiveCfg = Debug|Any CPU
		{86111C88-48B1-48BA-8A25-B8811C05711B}.Debug|Any CPU.Build.0 = Debug|Any CPU
		{86111C88-48B1-48BA-8A25-B8811C05711B}.Release|Any CPU.ActiveCfg = Release|Any CPU
		{86111C88-48B1-48BA-8A25-B8811C05711B}.Release|Any CPU.Build.0 = Release|Any CPU
	EndGlobalSection
	GlobalSection(SolutionProperties) = preSolution
		HideSolutionNode = FALSE
	EndGlobalSection
	GlobalSection(ExtensibilityGlobals) = postSolution
		SolutionGuid = {6689982C-4764-4088-AB50-CB5007C198A4}
	EndGlobalSection
EndGlobal
